// !$*UTF8*$!
{
	archiveVersion = 1;
	classes = {
	};
	objectVersion = 55;
	objects = {

/* Begin PBXBuildFile section */
		FA2FAC8D2739A8A1004519E2 /* canvasApp.swift in Sources */ = {isa = PBXBuildFile; fileRef = FA2FAC8C2739A8A1004519E2 /* canvasApp.swift */; };
		FA2FAC8F2739A8A1004519E2 /* ContentView.swift in Sources */ = {isa = PBXBuildFile; fileRef = FA2FAC8E2739A8A1004519E2 /* ContentView.swift */; };
		FA2FAC912739A8A1004519E2 /* Assets.xcassets in Resources */ = {isa = PBXBuildFile; fileRef = FA2FAC902739A8A1004519E2 /* Assets.xcassets */; };
		FA2FAC942739A8A1004519E2 /* Preview Assets.xcassets in Resources */ = {isa = PBXBuildFile; fileRef = FA2FAC932739A8A1004519E2 /* Preview Assets.xcassets */; };
		FA2FAC9C2739A8B7004519E2 /* GraphModel.swift in Sources */ = {isa = PBXBuildFile; fileRef = FA2FAC9B2739A8B7004519E2 /* GraphModel.swift */; };
		FA2FAC9F2739AB2F004519E2 /* LineChart.swift in Sources */ = {isa = PBXBuildFile; fileRef = FA2FAC9E2739AB2F004519E2 /* LineChart.swift */; };
		FA2FACA32739B150004519E2 /* ChartView.swift in Sources */ = {isa = PBXBuildFile; fileRef = FA2FACA22739B150004519E2 /* ChartView.swift */; };
		FA2FACA52739C20B004519E2 /* LineChartWithLabel.swift in Sources */ = {isa = PBXBuildFile; fileRef = FA2FACA42739C20B004519E2 /* LineChartWithLabel.swift */; };
		FA2FACA72739CF2F004519E2 /* LineChartWithLabelsAndDots.swift in Sources */ = {isa = PBXBuildFile; fileRef = FA2FACA62739CF2F004519E2 /* LineChartWithLabelsAndDots.swift */; };
		FA2FACA92739D121004519E2 /* LineChartWithFill.swift in Sources */ = {isa = PBXBuildFile; fileRef = FA2FACA82739D121004519E2 /* LineChartWithFill.swift */; };
		FA2FACAD2739D883004519E2 /* BarChart.swift in Sources */ = {isa = PBXBuildFile; fileRef = FA2FACAC2739D883004519E2 /* BarChart.swift */; };
/* End PBXBuildFile section */

/* Begin PBXFileReference section */
		FA2FAC892739A8A1004519E2 /* canvas.app */ = {isa = PBXFileReference; explicitFileType = wrapper.application; includeInIndex = 0; path = canvas.app; sourceTree = BUILT_PRODUCTS_DIR; };
		FA2FAC8C2739A8A1004519E2 /* canvasApp.swift */ = {isa = PBXFileReference; lastKnownFileType = sourcecode.swift; path = canvasApp.swift; sourceTree = "<group>"; };
		FA2FAC8E2739A8A1004519E2 /* ContentView.swift */ = {isa = PBXFileReference; lastKnownFileType = sourcecode.swift; path = ContentView.swift; sourceTree = "<group>"; };
		FA2FAC902739A8A1004519E2 /* Assets.xcassets */ = {isa = PBXFileReference; lastKnownFileType = folder.assetcatalog; path = Assets.xcassets; sourceTree = "<group>"; };
		FA2FAC932739A8A1004519E2 /* Preview Assets.xcassets */ = {isa = PBXFileReference; lastKnownFileType = folder.assetcatalog; path = "Preview Assets.xcassets"; sourceTree = "<group>"; };
		FA2FAC9B2739A8B7004519E2 /* GraphModel.swift */ = {isa = PBXFileReference; lastKnownFileType = sourcecode.swift; path = GraphModel.swift; sourceTree = "<group>"; };
		FA2FAC9E2739AB2F004519E2 /* LineChart.swift */ = {isa = PBXFileReference; lastKnownFileType = sourcecode.swift; path = LineChart.swift; sourceTree = "<group>"; };
		FA2FACA22739B150004519E2 /* ChartView.swift */ = {isa = PBXFileReference; lastKnownFileType = sourcecode.swift; path = ChartView.swift; sourceTree = "<group>"; };
		FA2FACA42739C20B004519E2 /* LineChartWithLabel.swift */ = {isa = PBXFileReference; lastKnownFileType = sourcecode.swift; path = LineChartWithLabel.swift; sourceTree = "<group>"; };
		FA2FACA62739CF2F004519E2 /* LineChartWithLabelsAndDots.swift */ = {isa = PBXFileReference; lastKnownFileType = sourcecode.swift; path = LineChartWithLabelsAndDots.swift; sourceTree = "<group>"; };
		FA2FACA82739D121004519E2 /* LineChartWithFill.swift */ = {isa = PBXFileReference; lastKnownFileType = sourcecode.swift; path = LineChartWithFill.swift; sourceTree = "<group>"; };
		FA2FACAC2739D883004519E2 /* BarChart.swift */ = {isa = PBXFileReference; lastKnownFileType = sourcecode.swift; path = BarChart.swift; sourceTree = "<group>"; };
/* End PBXFileReference section */

/* Begin PBXFrameworksBuildPhase section */
		FA2FAC862739A8A1004519E2 /* Frameworks */ = {
			isa = PBXFrameworksBuildPhase;
			buildActionMask = 2147483647;
			files = (
			);
			runOnlyForDeploymentPostprocessing = 0;
		};
/* End PBXFrameworksBuildPhase section */

/* Begin PBXGroup section */
		FA2FAC802739A8A1004519E2 = {
			isa = PBXGroup;
			children = (
				FA2FAC8B2739A8A1004519E2 /* canvas */,
				FA2FAC8A2739A8A1004519E2 /* Products */,
			);
			sourceTree = "<group>";
		};
		FA2FAC8A2739A8A1004519E2 /* Products */ = {
			isa = PBXGroup;
			children = (
				FA2FAC892739A8A1004519E2 /* canvas.app */,
			);
			name = Products;
			sourceTree = "<group>";
		};
		FA2FAC8B2739A8A1004519E2 /* canvas */ = {
			isa = PBXGroup;
			children = (
				FA2FAC9D2739AB24004519E2 /* View */,
				FA2FAC9A2739A8B0004519E2 /* Data Source */,
				FA2FAC8C2739A8A1004519E2 /* canvasApp.swift */,
				FA2FAC8E2739A8A1004519E2 /* ContentView.swift */,
				FA2FAC902739A8A1004519E2 /* Assets.xcassets */,
				FA2FAC922739A8A1004519E2 /* Preview Content */,
			);
			path = canvas;
			sourceTree = "<group>";
		};
		FA2FAC922739A8A1004519E2 /* Preview Content */ = {
			isa = PBXGroup;
			children = (
				FA2FAC932739A8A1004519E2 /* Preview Assets.xcassets */,
			);
			path = "Preview Content";
			sourceTree = "<group>";
		};
		FA2FAC9A2739A8B0004519E2 /* Data Source */ = {
			isa = PBXGroup;
			children = (
				FA2FAC9B2739A8B7004519E2 /* GraphModel.swift */,
			);
			path = "Data Source";
			sourceTree = "<group>";
		};
		FA2FAC9D2739AB24004519E2 /* View */ = {
			isa = PBXGroup;
			children = (
				FA2FACA22739B150004519E2 /* ChartView.swift */,
				FA2FAC9E2739AB2F004519E2 /* LineChart.swift */,
				FA2FACA42739C20B004519E2 /* LineChartWithLabel.swift */,
				FA2FACA62739CF2F004519E2 /* LineChartWithLabelsAndDots.swift */,
				FA2FACA82739D121004519E2 /* LineChartWithFill.swift */,
				FA2FACAC2739D883004519E2 /* BarChart.swift */,
			);
			path = View;
			sourceTree = "<group>";
		};
/* End PBXGroup section */

/* Begin PBXNativeTarget section */
		FA2FAC882739A8A1004519E2 /* canvas */ = {
			isa = PBXNativeTarget;
			buildConfigurationList = FA2FAC972739A8A1004519E2 /* Build configuration list for PBXNativeTarget "canvas" */;
			buildPhases = (
				FA2FAC852739A8A1004519E2 /* Sources */,
				FA2FAC862739A8A1004519E2 /* Frameworks */,
				FA2FAC872739A8A1004519E2 /* Resources */,
			);
			buildRules = (
			);
			dependencies = (
			);
			name = canvas;
			productName = canvas;
			productReference = FA2FAC892739A8A1004519E2 /* canvas.app */;
			productType = "com.apple.product-type.application";
		};
/* End PBXNativeTarget section */

/* Begin PBXProject section */
		FA2FAC812739A8A1004519E2 /* Project object */ = {
			isa = PBXProject;
			attributes = {
				BuildIndependentTargetsInParallel = 1;
				LastSwiftUpdateCheck = 1310;
				LastUpgradeCheck = 1310;
				TargetAttributes = {
					FA2FAC882739A8A1004519E2 = {
						CreatedOnToolsVersion = 13.1;
					};
				};
			};
			buildConfigurationList = FA2FAC842739A8A1004519E2 /* Build configuration list for PBXProject "canvas" */;
			compatibilityVersion = "Xcode 13.0";
			developmentRegion = en;
			hasScannedForEncodings = 0;
			knownRegions = (
				en,
				Base,
			);
			mainGroup = FA2FAC802739A8A1004519E2;
			productRefGroup = FA2FAC8A2739A8A1004519E2 /* Products */;
			projectDirPath = "";
			projectRoot = "";
			targets = (
				FA2FAC882739A8A1004519E2 /* canvas */,
			);
		};
/* End PBXProject section */

/* Begin PBXResourcesBuildPhase section */
		FA2FAC872739A8A1004519E2 /* Resources */ = {
			isa = PBXResourcesBuildPhase;
			buildActionMask = 2147483647;
			files = (
				FA2FAC942739A8A1004519E2 /* Preview Assets.xcassets in Resources */,
				FA2FAC912739A8A1004519E2 /* Assets.xcassets in Resources */,
			);
			runOnlyForDeploymentPostprocessing = 0;
		};
/* End PBXResourcesBuildPhase section */

/* Begin PBXSourcesBuildPhase section */
		FA2FAC852739A8A1004519E2 /* Sources */ = {
			isa = PBXSourcesBuildPhase;
			buildActionMask = 2147483647;
			files = (
				FA2FAC9F2739AB2F004519E2 /* LineChart.swift in Sources */,
				FA2FACAD2739D883004519E2 /* BarChart.swift in Sources */,
				FA2FAC8F2739A8A1004519E2 /* ContentView.swift in Sources */,
				FA2FAC8D2739A8A1004519E2 /* canvasApp.swift in Sources */,
				FA2FAC9C2739A8B7004519E2 /* GraphModel.swift in Sources */,
				FA2FACA72739CF2F004519E2 /* LineChartWithLabelsAndDots.swift in Sources */,
				FA2FACA32739B150004519E2 /* ChartView.swift in Sources */,
				FA2FACA52739C20B004519E2 /* LineChartWithLabel.swift in Sources */,
				FA2FACA92739D121004519E2 /* LineChartWithFill.swift in Sources */,
			);
			runOnlyForDeploymentPostprocessing = 0;
		};
/* End PBXSourcesBuildPhase section */

/* Begin XCBuildConfiguration section */
		FA2FAC952739A8A1004519E2 /* Debug */ = {
			isa = XCBuildConfiguration;
			buildSettings = {
				ALWAYS_SEARCH_USER_PATHS = NO;
				CLANG_ANALYZER_NONNULL = YES;
				CLANG_ANALYZER_NUMBER_OBJECT_CONVERSION = YES_AGGRESSIVE;
				CLANG_CXX_LANGUAGE_STANDARD = "gnu++17";
				CLANG_CXX_LIBRARY = "libc++";
				CLANG_ENABLE_MODULES = YES;
				CLANG_ENABLE_OBJC_ARC = YES;
				CLANG_ENABLE_OBJC_WEAK = YES;
				CLANG_WARN_BLOCK_CAPTURE_AUTORELEASING = YES;
				CLANG_WARN_BOOL_CONVERSION = YES;
				CLANG_WARN_COMMA = YES;
				CLANG_WARN_CONSTANT_CONVERSION = YES;
				CLANG_WARN_DEPRECATED_OBJC_IMPLEMENTATIONS = YES;
				CLANG_WARN_DIRECT_OBJC_ISA_USAGE = YES_ERROR;
				CLANG_WARN_DOCUMENTATION_COMMENTS = YES;
				CLANG_WARN_EMPTY_BODY = YES;
				CLANG_WARN_ENUM_CONVERSION = YES;
				CLANG_WARN_INFINITE_RECURSION = YES;
				CLANG_WARN_INT_CONVERSION = YES;
				CLANG_WARN_NON_LITERAL_NULL_CONVERSION = YES;
				CLANG_WARN_OBJC_IMPLICIT_RETAIN_SELF = YES;
				CLANG_WARN_OBJC_LITERAL_CONVERSION = YES;
				CLANG_WARN_OBJC_ROOT_CLASS = YES_ERROR;
				CLANG_WARN_QUOTED_INCLUDE_IN_FRAMEWORK_HEADER = YES;
				CLANG_WARN_RANGE_LOOP_ANALYSIS = YES;
				CLANG_WARN_STRICT_PROTOTYPES = YES;
				CLANG_WARN_SUSPICIOUS_MOVE = YES;
				CLANG_WARN_UNGUARDED_AVAILABILITY = YES_AGGRESSIVE;
				CLANG_WARN_UNREACHABLE_CODE = YES;
				CLANG_WARN__DUPLICATE_METHOD_MATCH = YES;
				COPY_PHASE_STRIP = NO;
				DEBUG_INFORMATION_FORMAT = dwarf;
				ENABLE_STRICT_OBJC_MSGSEND = YES;
				ENABLE_TESTABILITY = YES;
				GCC_C_LANGUAGE_STANDARD = gnu11;
				GCC_DYNAMIC_NO_PIC = NO;
				GCC_NO_COMMON_BLOCKS = YES;
				GCC_OPTIMIZATION_LEVEL = 0;
				GCC_PREPROCESSOR_DEFINITIONS = (
					"DEBUG=1",
					"$(inherited)",
				);
				GCC_WARN_64_TO_32_BIT_CONVERSION = YES;
				GCC_WARN_ABOUT_RETURN_TYPE = YES_ERROR;
				GCC_WARN_UNDECLARED_SELECTOR = YES;
				GCC_WARN_UNINITIALIZED_AUTOS = YES_AGGRESSIVE;
				GCC_WARN_UNUSED_FUNCTION = YES;
				GCC_WARN_UNUSED_VARIABLE = YES;
				IPHONEOS_DEPLOYMENT_TARGET = 15.0;
				MTL_ENABLE_DEBUG_INFO = INCLUDE_SOURCE;
				MTL_FAST_MATH = YES;
				ONLY_ACTIVE_ARCH = YES;
				SDKROOT = iphoneos;
				SWIFT_ACTIVE_COMPILATION_CONDITIONS = DEBUG;
				SWIFT_OPTIMIZATION_LEVEL = "-Onone";
			};
			name = Debug;
		};
		FA2FAC962739A8A1004519E2 /* Release */ = {
			isa = XCBuildConfiguration;
			buildSettings = {
				ALWAYS_SEARCH_USER_PATHS = NO;
				CLANG_ANALYZER_NONNULL = YES;
				CLANG_ANALYZER_NUMBER_OBJECT_CONVERSION = YES_AGGRESSIVE;
				CLANG_CXX_LANGUAGE_STANDARD = "gnu++17";
				CLANG_CXX_LIBRARY = "libc++";
				CLANG_ENABLE_MODULES = YES;
				CLANG_ENABLE_OBJC_ARC = YES;
				CLANG_ENABLE_OBJC_WEAK = YES;
				CLANG_WARN_BLOCK_CAPTURE_AUTORELEASING = YES;
				CLANG_WARN_BOOL_CONVERSION = YES;
				CLANG_WARN_COMMA = YES;
				CLANG_WARN_CONSTANT_CONVERSION = YES;
				CLANG_WARN_DEPRECATED_OBJC_IMPLEMENTATIONS = YES;
				CLANG_WARN_DIRECT_OBJC_ISA_USAGE = YES_ERROR;
				CLANG_WARN_DOCUMENTATION_COMMENTS = YES;
				CLANG_WARN_EMPTY_BODY = YES;
				CLANG_WARN_ENUM_CONVERSION = YES;
				CLANG_WARN_INFINITE_RECURSION = YES;
				CLANG_WARN_INT_CONVERSION = YES;
				CLANG_WARN_NON_LITERAL_NULL_CONVERSION = YES;
				CLANG_WARN_OBJC_IMPLICIT_RETAIN_SELF = YES;
				CLANG_WARN_OBJC_LITERAL_CONVERSION = YES;
				CLANG_WARN_OBJC_ROOT_CLASS = YES_ERROR;
				CLANG_WARN_QUOTED_INCLUDE_IN_FRAMEWORK_HEADER = YES;
				CLANG_WARN_RANGE_LOOP_ANALYSIS = YES;
				CLANG_WARN_STRICT_PROTOTYPES = YES;
				CLANG_WARN_SUSPICIOUS_MOVE = YES;
				CLANG_WARN_UNGUARDED_AVAILABILITY = YES_AGGRESSIVE;
				CLANG_WARN_UNREACHABLE_CODE = YES;
				CLANG_WARN__DUPLICATE_METHOD_MATCH = YES;
				COPY_PHASE_STRIP = NO;
				DEBUG_INFORMATION_FORMAT = "dwarf-with-dsym";
				ENABLE_NS_ASSERTIONS = NO;
				ENABLE_STRICT_OBJC_MSGSEND = YES;
				GCC_C_LANGUAGE_STANDARD = gnu11;
				GCC_NO_COMMON_BLOCKS = YES;
				GCC_WARN_64_TO_32_BIT_CONVERSION = YES;
				GCC_WARN_ABOUT_RETURN_TYPE = YES_ERROR;
				GCC_WARN_UNDECLARED_SELECTOR = YES;
				GCC_WARN_UNINITIALIZED_AUTOS = YES_AGGRESSIVE;
				GCC_WARN_UNUSED_FUNCTION = YES;
				GCC_WARN_UNUSED_VARIABLE = YES;
				IPHONEOS_DEPLOYMENT_TARGET = 15.0;
				MTL_ENABLE_DEBUG_INFO = NO;
				MTL_FAST_MATH = YES;
				SDKROOT = iphoneos;
				SWIFT_COMPILATION_MODE = wholemodule;
				SWIFT_OPTIMIZATION_LEVEL = "-O";
				VALIDATE_PRODUCT = YES;
			};
			name = Release;
		};
		FA2FAC982739A8A1004519E2 /* Debug */ = {
			isa = XCBuildConfiguration;
			buildSettings = {
				ASSETCATALOG_COMPILER_APPICON_NAME = AppIcon;
				ASSETCATALOG_COMPILER_GLOBAL_ACCENT_COLOR_NAME = AccentColor;
				CODE_SIGN_STYLE = Automatic;
				CURRENT_PROJECT_VERSION = 1;
				DEVELOPMENT_ASSET_PATHS = "\"canvas/Preview Content\"";
				DEVELOPMENT_TEAM = VLU7X6Y8EY;
				ENABLE_PREVIEWS = YES;
				GENERATE_INFOPLIST_FILE = YES;
				INFOPLIST_KEY_UIApplicationSceneManifest_Generation = YES;
				INFOPLIST_KEY_UIApplicationSupportsIndirectInputEvents = YES;
				INFOPLIST_KEY_UILaunchScreen_Generation = YES;
				INFOPLIST_KEY_UISupportedInterfaceOrientations_iPad = "UIInterfaceOrientationPortrait UIInterfaceOrientationPortraitUpsideDown UIInterfaceOrientationLandscapeLeft UIInterfaceOrientationLandscapeRight";
				INFOPLIST_KEY_UISupportedInterfaceOrientations_iPhone = "UIInterfaceOrientationPortrait UIInterfaceOrientationLandscapeLeft UIInterfaceOrientationLandscapeRight";
				LD_RUNPATH_SEARCH_PATHS = (
					"$(inherited)",
					"@executable_path/Frameworks",
				);
				MARKETING_VERSION = 1.0;
				PRODUCT_BUNDLE_IDENTIFIER = uk.co.alexanderlogan.samples.canvas;
				PRODUCT_NAME = "$(TARGET_NAME)";
				SWIFT_EMIT_LOC_STRINGS = YES;
				SWIFT_VERSION = 5.0;
				TARGETED_DEVICE_FAMILY = "1,2";
			};
			name = Debug;
		};
		FA2FAC992739A8A1004519E2 /* Release */ = {
			isa = XCBuildConfiguration;
			buildSettings = {
				ASSETCATALOG_COMPILER_APPICON_NAME = AppIcon;
				ASSETCATALOG_COMPILER_GLOBAL_ACCENT_COLOR_NAME = AccentColor;
				CODE_SIGN_STYLE = Automatic;
				CURRENT_PROJECT_VERSION = 1;
				DEVELOPMENT_ASSET_PATHS = "\"canvas/Preview Content\"";
				DEVELOPMENT_TEAM = VLU7X6Y8EY;
				ENABLE_PREVIEWS = YES;
				GENERATE_INFOPLIST_FILE = YES;
				INFOPLIST_KEY_UIApplicationSceneManifest_Generation = YES;
				INFOPLIST_KEY_UIApplicationSupportsIndirectInputEvents = YES;
				INFOPLIST_KEY_UILaunchScreen_Generation = YES;
				INFOPLIST_KEY_UISupportedInterfaceOrientations_iPad = "UIInterfaceOrientationPortrait UIInterfaceOrientationPortraitUpsideDown UIInterfaceOrientationLandscapeLeft UIInterfaceOrientationLandscapeRight";
				INFOPLIST_KEY_UISupportedInterfaceOrientations_iPhone = "UIInterfaceOrientationPortrait UIInterfaceOrientationLandscapeLeft UIInterfaceOrientationLandscapeRight";
				LD_RUNPATH_SEARCH_PATHS = (
					"$(inherited)",
					"@executable_path/Frameworks",
				);
				MARKETING_VERSION = 1.0;
				PRODUCT_BUNDLE_IDENTIFIER = uk.co.alexanderlogan.samples.canvas;
				PRODUCT_NAME = "$(TARGET_NAME)";
				SWIFT_EMIT_LOC_STRINGS = YES;
				SWIFT_VERSION = 5.0;
				TARGETED_DEVICE_FAMILY = "1,2";
			};
			name = Release;
		};
/* End XCBuildConfiguration section */

/* Begin XCConfigurationList section */
		FA2FAC842739A8A1004519E2 /* Build configuration list for PBXProject "canvas" */ = {
			isa = XCConfigurationList;
			buildConfigurations = (
				FA2FAC952739A8A1004519E2 /* Debug */,
				FA2FAC962739A8A1004519E2 /* Release */,
			);
			defaultConfigurationIsVisible = 0;
			defaultConfigurationName = Release;
		};
		FA2FAC972739A8A1004519E2 /* Build configuration list for PBXNativeTarget "canvas" */ = {
			isa = XCConfigurationList;
			buildConfigurations = (
				FA2FAC982739A8A1004519E2 /* Debug */,
				FA2FAC992739A8A1004519E2 /* Release */,
			);
			defaultConfigurationIsVisible = 0;
			defaultConfigurationName = Release;
		};
/* End XCConfigurationList section */
	};
	rootObject = FA2FAC812739A8A1004519E2 /* Project object */;
}
