// !$*UTF8*$!
{
	archiveVersion = 1;
	classes = {
	};
	objectVersion = 56;
	objects = {

/* Begin PBXBuildFile section */
		FA8FFBD1284EA48D00A36D4F /* coffee_sampleApp.swift in Sources */ = {isa = PBXBuildFile; fileRef = FA8FFBD0284EA48D00A36D4F /* coffee_sampleApp.swift */; };
		FA8FFBD3284EA48D00A36D4F /* ContentView.swift in Sources */ = {isa = PBXBuildFile; fileRef = FA8FFBD2284EA48D00A36D4F /* ContentView.swift */; };
		FA8FFBD5284EA48E00A36D4F /* Assets.xcassets in Resources */ = {isa = PBXBuildFile; fileRef = FA8FFBD4284EA48E00A36D4F /* Assets.xcassets */; };
		FA8FFBD8284EA48E00A36D4F /* Preview Assets.xcassets in Resources */ = {isa = PBXBuildFile; fileRef = FA8FFBD7284EA48E00A36D4F /* Preview Assets.xcassets */; };
		FA8FFBDF284EAB3700A36D4F /* ExampleView.swift in Sources */ = {isa = PBXBuildFile; fileRef = FA8FFBDE284EAB3700A36D4F /* ExampleView.swift */; };
		FA8FFBE1284EB38800A36D4F /* DeeplinkView.swift in Sources */ = {isa = PBXBuildFile; fileRef = FA8FFBE0284EB38800A36D4F /* DeeplinkView.swift */; };
		FA8FFBE4284EB91B00A36D4F /* CoffeeView.swift in Sources */ = {isa = PBXBuildFile; fileRef = FA8FFBE3284EB91B00A36D4F /* CoffeeView.swift */; };
		FA8FFBE6284EB92D00A36D4F /* EmojiView.swift in Sources */ = {isa = PBXBuildFile; fileRef = FA8FFBE5284EB92D00A36D4F /* EmojiView.swift */; };
/* End PBXBuildFile section */

/* Begin PBXFileReference section */
		FA8FFBCD284EA48D00A36D4F /* coffee-sample.app */ = {isa = PBXFileReference; explicitFileType = wrapper.application; includeInIndex = 0; path = "coffee-sample.app"; sourceTree = BUILT_PRODUCTS_DIR; };
		FA8FFBD0284EA48D00A36D4F /* coffee_sampleApp.swift */ = {isa = PBXFileReference; lastKnownFileType = sourcecode.swift; path = coffee_sampleApp.swift; sourceTree = "<group>"; };
		FA8FFBD2284EA48D00A36D4F /* ContentView.swift */ = {isa = PBXFileReference; lastKnownFileType = sourcecode.swift; path = ContentView.swift; sourceTree = "<group>"; };
		FA8FFBD4284EA48E00A36D4F /* Assets.xcassets */ = {isa = PBXFileReference; lastKnownFileType = folder.assetcatalog; path = Assets.xcassets; sourceTree = "<group>"; };
		FA8FFBD7284EA48E00A36D4F /* Preview Assets.xcassets */ = {isa = PBXFileReference; lastKnownFileType = folder.assetcatalog; path = "Preview Assets.xcassets"; sourceTree = "<group>"; };
		FA8FFBDE284EAB3700A36D4F /* ExampleView.swift */ = {isa = PBXFileReference; lastKnownFileType = sourcecode.swift; path = ExampleView.swift; sourceTree = "<group>"; };
		FA8FFBE0284EB38800A36D4F /* DeeplinkView.swift */ = {isa = PBXFileReference; lastKnownFileType = sourcecode.swift; path = DeeplinkView.swift; sourceTree = "<group>"; };
		FA8FFBE2284EB49900A36D4F /* Info.plist */ = {isa = PBXFileReference; lastKnownFileType = text.plist; path = Info.plist; sourceTree = "<group>"; };
		FA8FFBE3284EB91B00A36D4F /* CoffeeView.swift */ = {isa = PBXFileReference; lastKnownFileType = sourcecode.swift; path = CoffeeView.swift; sourceTree = "<group>"; };
		FA8FFBE5284EB92D00A36D4F /* EmojiView.swift */ = {isa = PBXFileReference; lastKnownFileType = sourcecode.swift; path = EmojiView.swift; sourceTree = "<group>"; };
/* End PBXFileReference section */

/* Begin PBXFrameworksBuildPhase section */
		FA8FFBCA284EA48D00A36D4F /* Frameworks */ = {
			isa = PBXFrameworksBuildPhase;
			buildActionMask = 2147483647;
			files = (
			);
			runOnlyForDeploymentPostprocessing = 0;
		};
/* End PBXFrameworksBuildPhase section */

/* Begin PBXGroup section */
		FA8FFBC4284EA48D00A36D4F = {
			isa = PBXGroup;
			children = (
				FA8FFBCF284EA48D00A36D4F /* coffee-sample */,
				FA8FFBCE284EA48D00A36D4F /* Products */,
			);
			sourceTree = "<group>";
		};
		FA8FFBCE284EA48D00A36D4F /* Products */ = {
			isa = PBXGroup;
			children = (
				FA8FFBCD284EA48D00A36D4F /* coffee-sample.app */,
			);
			name = Products;
			sourceTree = "<group>";
		};
		FA8FFBCF284EA48D00A36D4F /* coffee-sample */ = {
			isa = PBXGroup;
			children = (
				FA8FFBE2284EB49900A36D4F /* Info.plist */,
				FA8FFBD0284EA48D00A36D4F /* coffee_sampleApp.swift */,
				FA8FFBD2284EA48D00A36D4F /* ContentView.swift */,
				FA8FFBD4284EA48E00A36D4F /* Assets.xcassets */,
				FA8FFBD6284EA48E00A36D4F /* Preview Content */,
				FA8FFBDE284EAB3700A36D4F /* ExampleView.swift */,
				FA8FFBE0284EB38800A36D4F /* DeeplinkView.swift */,
				FA8FFBE3284EB91B00A36D4F /* CoffeeView.swift */,
				FA8FFBE5284EB92D00A36D4F /* EmojiView.swift */,
			);
			path = "coffee-sample";
			sourceTree = "<group>";
		};
		FA8FFBD6284EA48E00A36D4F /* Preview Content */ = {
			isa = PBXGroup;
			children = (
				FA8FFBD7284EA48E00A36D4F /* Preview Assets.xcassets */,
			);
			path = "Preview Content";
			sourceTree = "<group>";
		};
/* End PBXGroup section */

/* Begin PBXNativeTarget section */
		FA8FFBCC284EA48D00A36D4F /* coffee-sample */ = {
			isa = PBXNativeTarget;
			buildConfigurationList = FA8FFBDB284EA48E00A36D4F /* Build configuration list for PBXNativeTarget "coffee-sample" */;
			buildPhases = (
				FA8FFBC9284EA48D00A36D4F /* Sources */,
				FA8FFBCA284EA48D00A36D4F /* Frameworks */,
				FA8FFBCB284EA48D00A36D4F /* Resources */,
			);
			buildRules = (
			);
			dependencies = (
			);
			name = "coffee-sample";
			productName = "coffee-sample";
			productReference = FA8FFBCD284EA48D00A36D4F /* coffee-sample.app */;
			productType = "com.apple.product-type.application";
		};
/* End PBXNativeTarget section */

/* Begin PBXProject section */
		FA8FFBC5284EA48D00A36D4F /* Project object */ = {
			isa = PBXProject;
			attributes = {
				BuildIndependentTargetsInParallel = 1;
				LastSwiftUpdateCheck = 1400;
				LastUpgradeCheck = 1400;
				TargetAttributes = {
					FA8FFBCC284EA48D00A36D4F = {
						CreatedOnToolsVersion = 14.0;
					};
				};
			};
			buildConfigurationList = FA8FFBC8284EA48D00A36D4F /* Build configuration list for PBXProject "coffee-sample" */;
			compatibilityVersion = "Xcode 14.0";
			developmentRegion = en;
			hasScannedForEncodings = 0;
			knownRegions = (
				en,
				Base,
			);
			mainGroup = FA8FFBC4284EA48D00A36D4F;
			productRefGroup = FA8FFBCE284EA48D00A36D4F /* Products */;
			projectDirPath = "";
			projectRoot = "";
			targets = (
				FA8FFBCC284EA48D00A36D4F /* coffee-sample */,
			);
		};
/* End PBXProject section */

/* Begin PBXResourcesBuildPhase section */
		FA8FFBCB284EA48D00A36D4F /* Resources */ = {
			isa = PBXResourcesBuildPhase;
			buildActionMask = 2147483647;
			files = (
				FA8FFBD8284EA48E00A36D4F /* Preview Assets.xcassets in Resources */,
				FA8FFBD5284EA48E00A36D4F /* Assets.xcassets in Resources */,
			);
			runOnlyForDeploymentPostprocessing = 0;
		};
/* End PBXResourcesBuildPhase section */

/* Begin PBXSourcesBuildPhase section */
		FA8FFBC9284EA48D00A36D4F /* Sources */ = {
			isa = PBXSourcesBuildPhase;
			buildActionMask = 2147483647;
			files = (
				FA8FFBE1284EB38800A36D4F /* DeeplinkView.swift in Sources */,
				FA8FFBD3284EA48D00A36D4F /* ContentView.swift in Sources */,
				FA8FFBD1284EA48D00A36D4F /* coffee_sampleApp.swift in Sources */,
				FA8FFBDF284EAB3700A36D4F /* ExampleView.swift in Sources */,
				FA8FFBE4284EB91B00A36D4F /* CoffeeView.swift in Sources */,
				FA8FFBE6284EB92D00A36D4F /* EmojiView.swift in Sources */,
			);
			runOnlyForDeploymentPostprocessing = 0;
		};
/* End PBXSourcesBuildPhase section */

/* Begin XCBuildConfiguration section */
		FA8FFBD9284EA48E00A36D4F /* Debug */ = {
			isa = XCBuildConfiguration;
			buildSettings = {
				ALWAYS_SEARCH_USER_PATHS = NO;
				CLANG_ANALYZER_NONNULL = YES;
				CLANG_ANALYZER_NUMBER_OBJECT_CONVERSION = YES_AGGRESSIVE;
				CLANG_CXX_LANGUAGE_STANDARD = "gnu++17";
				CLANG_ENABLE_MODULES = YES;
				CLANG_ENABLE_OBJC_ARC = YES;
				CLANG_ENABLE_OBJC_WEAK = YES;
				CLANG_WARN_BLOCK_CAPTURE_AUTORELEASING = YES;
				CLANG_WARN_BOOL_CONVERSION = YES;
				CLANG_WARN_COMMA = YES;
				CLANG_WARN_CONSTANT_CONVERSION = YES;
				CLANG_WARN_DEPRECATED_OBJC_IMPLEMENTATIONS = YES;
				CLANG_WARN_DIRECT_OBJC_ISA_USAGE = YES_ERROR;
				CLANG_WARN_DOCUMENTATION_COMMENTS = YES;
				CLANG_WARN_EMPTY_BODY = YES;
				CLANG_WARN_ENUM_CONVERSION = YES;
				CLANG_WARN_INFINITE_RECURSION = YES;
				CLANG_WARN_INT_CONVERSION = YES;
				CLANG_WARN_NON_LITERAL_NULL_CONVERSION = YES;
				CLANG_WARN_OBJC_IMPLICIT_RETAIN_SELF = YES;
				CLANG_WARN_OBJC_LITERAL_CONVERSION = YES;
				CLANG_WARN_OBJC_ROOT_CLASS = YES_ERROR;
				CLANG_WARN_QUOTED_INCLUDE_IN_FRAMEWORK_HEADER = YES;
				CLANG_WARN_RANGE_LOOP_ANALYSIS = YES;
				CLANG_WARN_STRICT_PROTOTYPES = YES;
				CLANG_WARN_SUSPICIOUS_MOVE = YES;
				CLANG_WARN_UNGUARDED_AVAILABILITY = YES_AGGRESSIVE;
				CLANG_WARN_UNREACHABLE_CODE = YES;
				CLANG_WARN__DUPLICATE_METHOD_MATCH = YES;
				COPY_PHASE_STRIP = NO;
				DEBUG_INFORMATION_FORMAT = dwarf;
				ENABLE_STRICT_OBJC_MSGSEND = YES;
				ENABLE_TESTABILITY = YES;
				GCC_C_LANGUAGE_STANDARD = gnu11;
				GCC_DYNAMIC_NO_PIC = NO;
				GCC_NO_COMMON_BLOCKS = YES;
				GCC_OPTIMIZATION_LEVEL = 0;
				GCC_PREPROCESSOR_DEFINITIONS = (
					"DEBUG=1",
					"$(inherited)",
				);
				GCC_WARN_64_TO_32_BIT_CONVERSION = YES;
				GCC_WARN_ABOUT_RETURN_TYPE = YES_ERROR;
				GCC_WARN_UNDECLARED_SELECTOR = YES;
				GCC_WARN_UNINITIALIZED_AUTOS = YES_AGGRESSIVE;
				GCC_WARN_UNUSED_FUNCTION = YES;
				GCC_WARN_UNUSED_VARIABLE = YES;
				IPHONEOS_DEPLOYMENT_TARGET = 16.0;
				MTL_ENABLE_DEBUG_INFO = INCLUDE_SOURCE;
				MTL_FAST_MATH = YES;
				ONLY_ACTIVE_ARCH = YES;
				SDKROOT = iphoneos;
				SWIFT_ACTIVE_COMPILATION_CONDITIONS = DEBUG;
				SWIFT_OPTIMIZATION_LEVEL = "-Onone";
			};
			name = Debug;
		};
		FA8FFBDA284EA48E00A36D4F /* Release */ = {
			isa = XCBuildConfiguration;
			buildSettings = {
				ALWAYS_SEARCH_USER_PATHS = NO;
				CLANG_ANALYZER_NONNULL = YES;
				CLANG_ANALYZER_NUMBER_OBJECT_CONVERSION = YES_AGGRESSIVE;
				CLANG_CXX_LANGUAGE_STANDARD = "gnu++17";
				CLANG_ENABLE_MODULES = YES;
				CLANG_ENABLE_OBJC_ARC = YES;
				CLANG_ENABLE_OBJC_WEAK = YES;
				CLANG_WARN_BLOCK_CAPTURE_AUTORELEASING = YES;
				CLANG_WARN_BOOL_CONVERSION = YES;
				CLANG_WARN_COMMA = YES;
				CLANG_WARN_CONSTANT_CONVERSION = YES;
				CLANG_WARN_DEPRECATED_OBJC_IMPLEMENTATIONS = YES;
				CLANG_WARN_DIRECT_OBJC_ISA_USAGE = YES_ERROR;
				CLANG_WARN_DOCUMENTATION_COMMENTS = YES;
				CLANG_WARN_EMPTY_BODY = YES;
				CLANG_WARN_ENUM_CONVERSION = YES;
				CLANG_WARN_INFINITE_RECURSION = YES;
				CLANG_WARN_INT_CONVERSION = YES;
				CLANG_WARN_NON_LITERAL_NULL_CONVERSION = YES;
				CLANG_WARN_OBJC_IMPLICIT_RETAIN_SELF = YES;
				CLANG_WARN_OBJC_LITERAL_CONVERSION = YES;
				CLANG_WARN_OBJC_ROOT_CLASS = YES_ERROR;
				CLANG_WARN_QUOTED_INCLUDE_IN_FRAMEWORK_HEADER = YES;
				CLANG_WARN_RANGE_LOOP_ANALYSIS = YES;
				CLANG_WARN_STRICT_PROTOTYPES = YES;
				CLANG_WARN_SUSPICIOUS_MOVE = YES;
				CLANG_WARN_UNGUARDED_AVAILABILITY = YES_AGGRESSIVE;
				CLANG_WARN_UNREACHABLE_CODE = YES;
				CLANG_WARN__DUPLICATE_METHOD_MATCH = YES;
				COPY_PHASE_STRIP = NO;
				DEBUG_INFORMATION_FORMAT = "dwarf-with-dsym";
				ENABLE_NS_ASSERTIONS = NO;
				ENABLE_STRICT_OBJC_MSGSEND = YES;
				GCC_C_LANGUAGE_STANDARD = gnu11;
				GCC_NO_COMMON_BLOCKS = YES;
				GCC_WARN_64_TO_32_BIT_CONVERSION = YES;
				GCC_WARN_ABOUT_RETURN_TYPE = YES_ERROR;
				GCC_WARN_UNDECLARED_SELECTOR = YES;
				GCC_WARN_UNINITIALIZED_AUTOS = YES_AGGRESSIVE;
				GCC_WARN_UNUSED_FUNCTION = YES;
				GCC_WARN_UNUSED_VARIABLE = YES;
				IPHONEOS_DEPLOYMENT_TARGET = 16.0;
				MTL_ENABLE_DEBUG_INFO = NO;
				MTL_FAST_MATH = YES;
				SDKROOT = iphoneos;
				SWIFT_COMPILATION_MODE = wholemodule;
				SWIFT_OPTIMIZATION_LEVEL = "-O";
				VALIDATE_PRODUCT = YES;
			};
			name = Release;
		};
		FA8FFBDC284EA48E00A36D4F /* Debug */ = {
			isa = XCBuildConfiguration;
			buildSettings = {
				ASSETCATALOG_COMPILER_APPICON_NAME = AppIcon;
				ASSETCATALOG_COMPILER_GLOBAL_ACCENT_COLOR_NAME = AccentColor;
				CODE_SIGN_STYLE = Automatic;
				CURRENT_PROJECT_VERSION = 1;
				DEVELOPMENT_ASSET_PATHS = "\"coffee-sample/Preview Content\"";
				DEVELOPMENT_TEAM = VLU7X6Y8EY;
				ENABLE_PREVIEWS = YES;
				GENERATE_INFOPLIST_FILE = YES;
				INFOPLIST_FILE = "coffee-sample/Info.plist";
				INFOPLIST_KEY_UIApplicationSceneManifest_Generation = YES;
				INFOPLIST_KEY_UIApplicationSupportsIndirectInputEvents = YES;
				INFOPLIST_KEY_UILaunchScreen_Generation = YES;
				INFOPLIST_KEY_UISupportedInterfaceOrientations_iPad = "UIInterfaceOrientationPortrait UIInterfaceOrientationPortraitUpsideDown UIInterfaceOrientationLandscapeLeft UIInterfaceOrientationLandscapeRight";
				INFOPLIST_KEY_UISupportedInterfaceOrientations_iPhone = "UIInterfaceOrientationPortrait UIInterfaceOrientationLandscapeLeft UIInterfaceOrientationLandscapeRight";
				LD_RUNPATH_SEARCH_PATHS = (
					"$(inherited)",
					"@executable_path/Frameworks",
				);
				MARKETING_VERSION = 1.0;
				PRODUCT_BUNDLE_IDENTIFIER = "uk.co.alexanderlogan.coffee-sample";
				PRODUCT_NAME = "$(TARGET_NAME)";
				SWIFT_EMIT_LOC_STRINGS = YES;
				SWIFT_VERSION = 5.0;
				TARGETED_DEVICE_FAMILY = "1,2";
			};
			name = Debug;
		};
		FA8FFBDD284EA48E00A36D4F /* Release */ = {
			isa = XCBuildConfiguration;
			buildSettings = {
				ASSETCATALOG_COMPILER_APPICON_NAME = AppIcon;
				ASSETCATALOG_COMPILER_GLOBAL_ACCENT_COLOR_NAME = AccentColor;
				CODE_SIGN_STYLE = Automatic;
				CURRENT_PROJECT_VERSION = 1;
				DEVELOPMENT_ASSET_PATHS = "\"coffee-sample/Preview Content\"";
				DEVELOPMENT_TEAM = VLU7X6Y8EY;
				ENABLE_PREVIEWS = YES;
				GENERATE_INFOPLIST_FILE = YES;
				INFOPLIST_FILE = "coffee-sample/Info.plist";
				INFOPLIST_KEY_UIApplicationSceneManifest_Generation = YES;
				INFOPLIST_KEY_UIApplicationSupportsIndirectInputEvents = YES;
				INFOPLIST_KEY_UILaunchScreen_Generation = YES;
				INFOPLIST_KEY_UISupportedInterfaceOrientations_iPad = "UIInterfaceOrientationPortrait UIInterfaceOrientationPortraitUpsideDown UIInterfaceOrientationLandscapeLeft UIInterfaceOrientationLandscapeRight";
				INFOPLIST_KEY_UISupportedInterfaceOrientations_iPhone = "UIInterfaceOrientationPortrait UIInterfaceOrientationLandscapeLeft UIInterfaceOrientationLandscapeRight";
				LD_RUNPATH_SEARCH_PATHS = (
					"$(inherited)",
					"@executable_path/Frameworks",
				);
				MARKETING_VERSION = 1.0;
				PRODUCT_BUNDLE_IDENTIFIER = "uk.co.alexanderlogan.coffee-sample";
				PRODUCT_NAME = "$(TARGET_NAME)";
				SWIFT_EMIT_LOC_STRINGS = YES;
				SWIFT_VERSION = 5.0;
				TARGETED_DEVICE_FAMILY = "1,2";
			};
			name = Release;
		};
/* End XCBuildConfiguration section */

/* Begin XCConfigurationList section */
		FA8FFBC8284EA48D00A36D4F /* Build configuration list for PBXProject "coffee-sample" */ = {
			isa = XCConfigurationList;
			buildConfigurations = (
				FA8FFBD9284EA48E00A36D4F /* Debug */,
				FA8FFBDA284EA48E00A36D4F /* Release */,
			);
			defaultConfigurationIsVisible = 0;
			defaultConfigurationName = Release;
		};
		FA8FFBDB284EA48E00A36D4F /* Build configuration list for PBXNativeTarget "coffee-sample" */ = {
			isa = XCConfigurationList;
			buildConfigurations = (
				FA8FFBDC284EA48E00A36D4F /* Debug */,
				FA8FFBDD284EA48E00A36D4F /* Release */,
			);
			defaultConfigurationIsVisible = 0;
			defaultConfigurationName = Release;
		};
/* End XCConfigurationList section */
	};
	rootObject = FA8FFBC5284EA48D00A36D4F /* Project object */;
}
