// !$*UTF8*$!
{
	archiveVersion = 1;
	classes = {
	};
	objectVersion = 55;
	objects = {

/* Begin PBXBuildFile section */
		DAC6BF892692FF3B009497FF /* List_ActionsApp.swift in Sources */ = {isa = PBXBuildFile; fileRef = DAC6BF882692FF3B009497FF /* List_ActionsApp.swift */; };
		DAC6BF8B2692FF3B009497FF /* ContentView.swift in Sources */ = {isa = PBXBuildFile; fileRef = DAC6BF8A2692FF3B009497FF /* ContentView.swift */; };
		DAC6BF8D2692FF3C009497FF /* Assets.xcassets in Resources */ = {isa = PBXBuildFile; fileRef = DAC6BF8C2692FF3C009497FF /* Assets.xcassets */; };
		DAC6BF902692FF3C009497FF /* Preview Assets.xcassets in Resources */ = {isa = PBXBuildFile; fileRef = DAC6BF8F2692FF3C009497FF /* Preview Assets.xcassets */; };
		DAC6BF992692FF7F009497FF /* Data.swift in Sources */ = {isa = PBXBuildFile; fileRef = DAC6BF982692FF7F009497FF /* Data.swift */; };
		DAC6BF9B2692FF93009497FF /* CoffeeItemView.swift in Sources */ = {isa = PBXBuildFile; fileRef = DAC6BF9A2692FF93009497FF /* CoffeeItemView.swift */; };
		DAC6BF9D2692FFA3009497FF /* CoffeeListView.swift in Sources */ = {isa = PBXBuildFile; fileRef = DAC6BF9C2692FFA3009497FF /* CoffeeListView.swift */; };
/* End PBXBuildFile section */

/* Begin PBXFileReference section */
		DAC6BF852692FF3B009497FF /* List Actions.app */ = {isa = PBXFileReference; explicitFileType = wrapper.application; includeInIndex = 0; path = "List Actions.app"; sourceTree = BUILT_PRODUCTS_DIR; };
		DAC6BF882692FF3B009497FF /* List_ActionsApp.swift */ = {isa = PBXFileReference; lastKnownFileType = sourcecode.swift; path = List_ActionsApp.swift; sourceTree = "<group>"; };
		DAC6BF8A2692FF3B009497FF /* ContentView.swift */ = {isa = PBXFileReference; lastKnownFileType = sourcecode.swift; path = ContentView.swift; sourceTree = "<group>"; };
		DAC6BF8C2692FF3C009497FF /* Assets.xcassets */ = {isa = PBXFileReference; lastKnownFileType = folder.assetcatalog; path = Assets.xcassets; sourceTree = "<group>"; };
		DAC6BF8F2692FF3C009497FF /* Preview Assets.xcassets */ = {isa = PBXFileReference; lastKnownFileType = folder.assetcatalog; path = "Preview Assets.xcassets"; sourceTree = "<group>"; };
		DAC6BF982692FF7F009497FF /* Data.swift */ = {isa = PBXFileReference; lastKnownFileType = sourcecode.swift; path = Data.swift; sourceTree = "<group>"; };
		DAC6BF9A2692FF93009497FF /* CoffeeItemView.swift */ = {isa = PBXFileReference; lastKnownFileType = sourcecode.swift; path = CoffeeItemView.swift; sourceTree = "<group>"; };
		DAC6BF9C2692FFA3009497FF /* CoffeeListView.swift */ = {isa = PBXFileReference; lastKnownFileType = sourcecode.swift; path = CoffeeListView.swift; sourceTree = "<group>"; };
/* End PBXFileReference section */

/* Begin PBXFrameworksBuildPhase section */
		DAC6BF822692FF3B009497FF /* Frameworks */ = {
			isa = PBXFrameworksBuildPhase;
			buildActionMask = 2147483647;
			files = (
			);
			runOnlyForDeploymentPostprocessing = 0;
		};
/* End PBXFrameworksBuildPhase section */

/* Begin PBXGroup section */
		DAC6BF7C2692FF3B009497FF = {
			isa = PBXGroup;
			children = (
				DAC6BF872692FF3B009497FF /* List Actions */,
				DAC6BF862692FF3B009497FF /* Products */,
			);
			sourceTree = "<group>";
		};
		DAC6BF862692FF3B009497FF /* Products */ = {
			isa = PBXGroup;
			children = (
				DAC6BF852692FF3B009497FF /* List Actions.app */,
			);
			name = Products;
			sourceTree = "<group>";
		};
		DAC6BF872692FF3B009497FF /* List Actions */ = {
			isa = PBXGroup;
			children = (
				DAC6BF962692FF57009497FF /* View */,
				DAC6BF972692FF68009497FF /* Data */,
				DAC6BF882692FF3B009497FF /* List_ActionsApp.swift */,
				DAC6BF8A2692FF3B009497FF /* ContentView.swift */,
				DAC6BF8C2692FF3C009497FF /* Assets.xcassets */,
				DAC6BF8E2692FF3C009497FF /* Preview Content */,
			);
			path = "List Actions";
			sourceTree = "<group>";
		};
		DAC6BF8E2692FF3C009497FF /* Preview Content */ = {
			isa = PBXGroup;
			children = (
				DAC6BF8F2692FF3C009497FF /* Preview Assets.xcassets */,
			);
			path = "Preview Content";
			sourceTree = "<group>";
		};
		DAC6BF962692FF57009497FF /* View */ = {
			isa = PBXGroup;
			children = (
				DAC6BF9A2692FF93009497FF /* CoffeeItemView.swift */,
				DAC6BF9C2692FFA3009497FF /* CoffeeListView.swift */,
			);
			path = View;
			sourceTree = "<group>";
		};
		DAC6BF972692FF68009497FF /* Data */ = {
			isa = PBXGroup;
			children = (
				DAC6BF982692FF7F009497FF /* Data.swift */,
			);
			path = Data;
			sourceTree = "<group>";
		};
/* End PBXGroup section */

/* Begin PBXNativeTarget section */
		DAC6BF842692FF3B009497FF /* List Actions */ = {
			isa = PBXNativeTarget;
			buildConfigurationList = DAC6BF932692FF3C009497FF /* Build configuration list for PBXNativeTarget "List Actions" */;
			buildPhases = (
				DAC6BF812692FF3B009497FF /* Sources */,
				DAC6BF822692FF3B009497FF /* Frameworks */,
				DAC6BF832692FF3B009497FF /* Resources */,
			);
			buildRules = (
			);
			dependencies = (
			);
			name = "List Actions";
			productName = "List Actions";
			productReference = DAC6BF852692FF3B009497FF /* List Actions.app */;
			productType = "com.apple.product-type.application";
		};
/* End PBXNativeTarget section */

/* Begin PBXProject section */
		DAC6BF7D2692FF3B009497FF /* Project object */ = {
			isa = PBXProject;
			attributes = {
				BuildIndependentTargetsInParallel = 1;
				LastSwiftUpdateCheck = 1300;
				LastUpgradeCheck = 1300;
				TargetAttributes = {
					DAC6BF842692FF3B009497FF = {
						CreatedOnToolsVersion = 13.0;
					};
				};
			};
			buildConfigurationList = DAC6BF802692FF3B009497FF /* Build configuration list for PBXProject "List Actions" */;
			compatibilityVersion = "Xcode 13.0";
			developmentRegion = en;
			hasScannedForEncodings = 0;
			knownRegions = (
				en,
				Base,
			);
			mainGroup = DAC6BF7C2692FF3B009497FF;
			productRefGroup = DAC6BF862692FF3B009497FF /* Products */;
			projectDirPath = "";
			projectRoot = "";
			targets = (
				DAC6BF842692FF3B009497FF /* List Actions */,
			);
		};
/* End PBXProject section */

/* Begin PBXResourcesBuildPhase section */
		DAC6BF832692FF3B009497FF /* Resources */ = {
			isa = PBXResourcesBuildPhase;
			buildActionMask = 2147483647;
			files = (
				DAC6BF902692FF3C009497FF /* Preview Assets.xcassets in Resources */,
				DAC6BF8D2692FF3C009497FF /* Assets.xcassets in Resources */,
			);
			runOnlyForDeploymentPostprocessing = 0;
		};
/* End PBXResourcesBuildPhase section */

/* Begin PBXSourcesBuildPhase section */
		DAC6BF812692FF3B009497FF /* Sources */ = {
			isa = PBXSourcesBuildPhase;
			buildActionMask = 2147483647;
			files = (
				DAC6BF8B2692FF3B009497FF /* ContentView.swift in Sources */,
				DAC6BF9D2692FFA3009497FF /* CoffeeListView.swift in Sources */,
				DAC6BF9B2692FF93009497FF /* CoffeeItemView.swift in Sources */,
				DAC6BF992692FF7F009497FF /* Data.swift in Sources */,
				DAC6BF892692FF3B009497FF /* List_ActionsApp.swift in Sources */,
			);
			runOnlyForDeploymentPostprocessing = 0;
		};
/* End PBXSourcesBuildPhase section */

/* Begin XCBuildConfiguration section */
		DAC6BF912692FF3C009497FF /* Debug */ = {
			isa = XCBuildConfiguration;
			buildSettings = {
				ALWAYS_SEARCH_USER_PATHS = NO;
				CLANG_ANALYZER_NONNULL = YES;
				CLANG_ANALYZER_NUMBER_OBJECT_CONVERSION = YES_AGGRESSIVE;
				CLANG_CXX_LANGUAGE_STANDARD = "gnu++14";
				CLANG_CXX_LIBRARY = "libc++";
				CLANG_ENABLE_MODULES = YES;
				CLANG_ENABLE_OBJC_ARC = YES;
				CLANG_ENABLE_OBJC_WEAK = YES;
				CLANG_WARN_BLOCK_CAPTURE_AUTORELEASING = YES;
				CLANG_WARN_BOOL_CONVERSION = YES;
				CLANG_WARN_COMMA = YES;
				CLANG_WARN_CONSTANT_CONVERSION = YES;
				CLANG_WARN_DEPRECATED_OBJC_IMPLEMENTATIONS = YES;
				CLANG_WARN_DIRECT_OBJC_ISA_USAGE = YES_ERROR;
				CLANG_WARN_DOCUMENTATION_COMMENTS = YES;
				CLANG_WARN_EMPTY_BODY = YES;
				CLANG_WARN_ENUM_CONVERSION = YES;
				CLANG_WARN_INFINITE_RECURSION = YES;
				CLANG_WARN_INT_CONVERSION = YES;
				CLANG_WARN_NON_LITERAL_NULL_CONVERSION = YES;
				CLANG_WARN_OBJC_IMPLICIT_RETAIN_SELF = YES;
				CLANG_WARN_OBJC_LITERAL_CONVERSION = YES;
				CLANG_WARN_OBJC_ROOT_CLASS = YES_ERROR;
				CLANG_WARN_QUOTED_INCLUDE_IN_FRAMEWORK_HEADER = YES;
				CLANG_WARN_RANGE_LOOP_ANALYSIS = YES;
				CLANG_WARN_STRICT_PROTOTYPES = YES;
				CLANG_WARN_SUSPICIOUS_MOVE = YES;
				CLANG_WARN_UNGUARDED_AVAILABILITY = YES_AGGRESSIVE;
				CLANG_WARN_UNREACHABLE_CODE = YES;
				CLANG_WARN__DUPLICATE_METHOD_MATCH = YES;
				COPY_PHASE_STRIP = NO;
				DEBUG_INFORMATION_FORMAT = dwarf;
				ENABLE_STRICT_OBJC_MSGSEND = YES;
				ENABLE_TESTABILITY = YES;
				GCC_C_LANGUAGE_STANDARD = gnu11;
				GCC_DYNAMIC_NO_PIC = NO;
				GCC_NO_COMMON_BLOCKS = YES;
				GCC_OPTIMIZATION_LEVEL = 0;
				GCC_PREPROCESSOR_DEFINITIONS = (
					"DEBUG=1",
					"$(inherited)",
				);
				GCC_WARN_64_TO_32_BIT_CONVERSION = YES;
				GCC_WARN_ABOUT_RETURN_TYPE = YES_ERROR;
				GCC_WARN_UNDECLARED_SELECTOR = YES;
				GCC_WARN_UNINITIALIZED_AUTOS = YES_AGGRESSIVE;
				GCC_WARN_UNUSED_FUNCTION = YES;
				GCC_WARN_UNUSED_VARIABLE = YES;
				IPHONEOS_DEPLOYMENT_TARGET = 15.0;
				MTL_ENABLE_DEBUG_INFO = INCLUDE_SOURCE;
				MTL_FAST_MATH = YES;
				ONLY_ACTIVE_ARCH = YES;
				SDKROOT = iphoneos;
				SWIFT_ACTIVE_COMPILATION_CONDITIONS = DEBUG;
				SWIFT_OPTIMIZATION_LEVEL = "-Onone";
			};
			name = Debug;
		};
		DAC6BF922692FF3C009497FF /* Release */ = {
			isa = XCBuildConfiguration;
			buildSettings = {
				ALWAYS_SEARCH_USER_PATHS = NO;
				CLANG_ANALYZER_NONNULL = YES;
				CLANG_ANALYZER_NUMBER_OBJECT_CONVERSION = YES_AGGRESSIVE;
				CLANG_CXX_LANGUAGE_STANDARD = "gnu++14";
				CLANG_CXX_LIBRARY = "libc++";
				CLANG_ENABLE_MODULES = YES;
				CLANG_ENABLE_OBJC_ARC = YES;
				CLANG_ENABLE_OBJC_WEAK = YES;
				CLANG_WARN_BLOCK_CAPTURE_AUTORELEASING = YES;
				CLANG_WARN_BOOL_CONVERSION = YES;
				CLANG_WARN_COMMA = YES;
				CLANG_WARN_CONSTANT_CONVERSION = YES;
				CLANG_WARN_DEPRECATED_OBJC_IMPLEMENTATIONS = YES;
				CLANG_WARN_DIRECT_OBJC_ISA_USAGE = YES_ERROR;
				CLANG_WARN_DOCUMENTATION_COMMENTS = YES;
				CLANG_WARN_EMPTY_BODY = YES;
				CLANG_WARN_ENUM_CONVERSION = YES;
				CLANG_WARN_INFINITE_RECURSION = YES;
				CLANG_WARN_INT_CONVERSION = YES;
				CLANG_WARN_NON_LITERAL_NULL_CONVERSION = YES;
				CLANG_WARN_OBJC_IMPLICIT_RETAIN_SELF = YES;
				CLANG_WARN_OBJC_LITERAL_CONVERSION = YES;
				CLANG_WARN_OBJC_ROOT_CLASS = YES_ERROR;
				CLANG_WARN_QUOTED_INCLUDE_IN_FRAMEWORK_HEADER = YES;
				CLANG_WARN_RANGE_LOOP_ANALYSIS = YES;
				CLANG_WARN_STRICT_PROTOTYPES = YES;
				CLANG_WARN_SUSPICIOUS_MOVE = YES;
				CLANG_WARN_UNGUARDED_AVAILABILITY = YES_AGGRESSIVE;
				CLANG_WARN_UNREACHABLE_CODE = YES;
				CLANG_WARN__DUPLICATE_METHOD_MATCH = YES;
				COPY_PHASE_STRIP = NO;
				DEBUG_INFORMATION_FORMAT = "dwarf-with-dsym";
				ENABLE_NS_ASSERTIONS = NO;
				ENABLE_STRICT_OBJC_MSGSEND = YES;
				GCC_C_LANGUAGE_STANDARD = gnu11;
				GCC_NO_COMMON_BLOCKS = YES;
				GCC_WARN_64_TO_32_BIT_CONVERSION = YES;
				GCC_WARN_ABOUT_RETURN_TYPE = YES_ERROR;
				GCC_WARN_UNDECLARED_SELECTOR = YES;
				GCC_WARN_UNINITIALIZED_AUTOS = YES_AGGRESSIVE;
				GCC_WARN_UNUSED_FUNCTION = YES;
				GCC_WARN_UNUSED_VARIABLE = YES;
				IPHONEOS_DEPLOYMENT_TARGET = 15.0;
				MTL_ENABLE_DEBUG_INFO = NO;
				MTL_FAST_MATH = YES;
				SDKROOT = iphoneos;
				SWIFT_COMPILATION_MODE = wholemodule;
				SWIFT_OPTIMIZATION_LEVEL = "-O";
				VALIDATE_PRODUCT = YES;
			};
			name = Release;
		};
		DAC6BF942692FF3C009497FF /* Debug */ = {
			isa = XCBuildConfiguration;
			buildSettings = {
				ASSETCATALOG_COMPILER_APPICON_NAME = AppIcon;
				ASSETCATALOG_COMPILER_GLOBAL_ACCENT_COLOR_NAME = AccentColor;
				CODE_SIGN_STYLE = Automatic;
				CURRENT_PROJECT_VERSION = 1;
				DEVELOPMENT_ASSET_PATHS = "\"List Actions/Preview Content\"";
				DEVELOPMENT_TEAM = VLU7X6Y8EY;
				ENABLE_PREVIEWS = YES;
				GENERATE_INFOPLIST_FILE = YES;
				INFOPLIST_KEY_UIApplicationSceneManifest_Generation = YES;
				INFOPLIST_KEY_UIApplicationSupportsIndirectInputEvents = YES;
				INFOPLIST_KEY_UILaunchScreen_Generation = YES;
				INFOPLIST_KEY_UISupportedInterfaceOrientations_iPad = "UIInterfaceOrientationPortrait UIInterfaceOrientationPortraitUpsideDown UIInterfaceOrientationLandscapeLeft UIInterfaceOrientationLandscapeRight";
				INFOPLIST_KEY_UISupportedInterfaceOrientations_iPhone = "UIInterfaceOrientationPortrait UIInterfaceOrientationLandscapeLeft UIInterfaceOrientationLandscapeRight";
				IPHONEOS_DEPLOYMENT_TARGET = 15.0;
				LD_RUNPATH_SEARCH_PATHS = (
					"$(inherited)",
					"@executable_path/Frameworks",
				);
				MARKETING_VERSION = 1.0;
				PRODUCT_BUNDLE_IDENTIFIER = "co.uk.alexanderlogan.blog.List-Actions";
				PRODUCT_NAME = "$(TARGET_NAME)";
				SWIFT_EMIT_LOC_STRINGS = YES;
				SWIFT_VERSION = 5.0;
				TARGETED_DEVICE_FAMILY = "1,2";
			};
			name = Debug;
		};
		DAC6BF952692FF3C009497FF /* Release */ = {
			isa = XCBuildConfiguration;
			buildSettings = {
				ASSETCATALOG_COMPILER_APPICON_NAME = AppIcon;
				ASSETCATALOG_COMPILER_GLOBAL_ACCENT_COLOR_NAME = AccentColor;
				CODE_SIGN_STYLE = Automatic;
				CURRENT_PROJECT_VERSION = 1;
				DEVELOPMENT_ASSET_PATHS = "\"List Actions/Preview Content\"";
				DEVELOPMENT_TEAM = VLU7X6Y8EY;
				ENABLE_PREVIEWS = YES;
				GENERATE_INFOPLIST_FILE = YES;
				INFOPLIST_KEY_UIApplicationSceneManifest_Generation = YES;
				INFOPLIST_KEY_UIApplicationSupportsIndirectInputEvents = YES;
				INFOPLIST_KEY_UILaunchScreen_Generation = YES;
				INFOPLIST_KEY_UISupportedInterfaceOrientations_iPad = "UIInterfaceOrientationPortrait UIInterfaceOrientationPortraitUpsideDown UIInterfaceOrientationLandscapeLeft UIInterfaceOrientationLandscapeRight";
				INFOPLIST_KEY_UISupportedInterfaceOrientations_iPhone = "UIInterfaceOrientationPortrait UIInterfaceOrientationLandscapeLeft UIInterfaceOrientationLandscapeRight";
				IPHONEOS_DEPLOYMENT_TARGET = 15.0;
				LD_RUNPATH_SEARCH_PATHS = (
					"$(inherited)",
					"@executable_path/Frameworks",
				);
				MARKETING_VERSION = 1.0;
				PRODUCT_BUNDLE_IDENTIFIER = "co.uk.alexanderlogan.blog.List-Actions";
				PRODUCT_NAME = "$(TARGET_NAME)";
				SWIFT_EMIT_LOC_STRINGS = YES;
				SWIFT_VERSION = 5.0;
				TARGETED_DEVICE_FAMILY = "1,2";
			};
			name = Release;
		};
/* End XCBuildConfiguration section */

/* Begin XCConfigurationList section */
		DAC6BF802692FF3B009497FF /* Build configuration list for PBXProject "List Actions" */ = {
			isa = XCConfigurationList;
			buildConfigurations = (
				DAC6BF912692FF3C009497FF /* Debug */,
				DAC6BF922692FF3C009497FF /* Release */,
			);
			defaultConfigurationIsVisible = 0;
			defaultConfigurationName = Release;
		};
		DAC6BF932692FF3C009497FF /* Build configuration list for PBXNativeTarget "List Actions" */ = {
			isa = XCConfigurationList;
			buildConfigurations = (
				DAC6BF942692FF3C009497FF /* Debug */,
				DAC6BF952692FF3C009497FF /* Release */,
			);
			defaultConfigurationIsVisible = 0;
			defaultConfigurationName = Release;
		};
/* End XCConfigurationList section */
	};
	rootObject = DAC6BF7D2692FF3B009497FF /* Project object */;
}
